github.com/jepsen-io/maelstrom/demo/go v0.0.0-20240408130303-0186f398f965 h1:HlnqZcDPLpwPZifK+6BhoPrn7c9lKu+bJ/3AuFcGQqA=
github.com/jepsen-io/maelstrom/demo/go v0.0.0-20240408130303-0186f398f965/go.mod h1:i6aVIs5AIOOaQF1lAisBm7DDeWM1Iopf+26UxjagsCU=
golang.org/x/exp v0.0.0-20240506185415-9bf2ced13842 h1:vr/HnozRka3pE4EsMEg1lgkXJkTFJCVUX+S/ZT6wYzM=
golang.org/x/exp v0.0.0-20240506185415-9bf2ced13842/go.mod h1:XtvwrStGgqGPLc4cjQfWqZHG1YFdYs6swckp8vpsjnc=
